// !$*UTF8*$!
{
	archiveVersion = 1;
	classes = {
	};
	objectVersion = 55;
	objects = {

/* Begin PBXBuildFile section */
		349E310C29C0209300604B05 /* BaseViewController.swift in Sources */ = {isa = PBXBuildFile; fileRef = 349E310B29C0209300604B05 /* BaseViewController.swift */; };
		349E310E29C0256300604B05 /* TemplateViewController.swift in Sources */ = {isa = PBXBuildFile; fileRef = 349E310D29C0256300604B05 /* TemplateViewController.swift */; };
		349E311129C0294500604B05 /* Iterator.swift in Sources */ = {isa = PBXBuildFile; fileRef = 349E311029C0294500604B05 /* Iterator.swift */; };
		349E311329C02A9900604B05 /* Collection.swift in Sources */ = {isa = PBXBuildFile; fileRef = 349E311229C02A9900604B05 /* Collection.swift */; };
		349E311529C02DD500604B05 /* IteratorViewController.swift in Sources */ = {isa = PBXBuildFile; fileRef = 349E311429C02DD500604B05 /* IteratorViewController.swift */; };
		349E311829C052CE00604B05 /* Command.swift in Sources */ = {isa = PBXBuildFile; fileRef = 349E311729C052CE00604B05 /* Command.swift */; };
		349E311A29C0585600604B05 /* LightOnCommand.swift in Sources */ = {isa = PBXBuildFile; fileRef = 349E311929C0585600604B05 /* LightOnCommand.swift */; };
		349E311C29C0588B00604B05 /* LightOffCommand.swift in Sources */ = {isa = PBXBuildFile; fileRef = 349E311B29C0588B00604B05 /* LightOffCommand.swift */; };
		349E311E29C0593900604B05 /* Light.swift in Sources */ = {isa = PBXBuildFile; fileRef = 349E311D29C0593900604B05 /* Light.swift */; };
		349E312029C05BF300604B05 /* CommandViewController.swift in Sources */ = {isa = PBXBuildFile; fileRef = 349E311F29C05BF300604B05 /* CommandViewController.swift */; };
		349E312229C05CE100604B05 /* Invoker.swift in Sources */ = {isa = PBXBuildFile; fileRef = 349E312129C05CE100604B05 /* Invoker.swift */; };
		349E312429C0654F00604B05 /* Transaction.swift in Sources */ = {isa = PBXBuildFile; fileRef = 349E312329C0654F00604B05 /* Transaction.swift */; };
		349E312629C0684100604B05 /* Deposit.swift in Sources */ = {isa = PBXBuildFile; fileRef = 349E312529C0684100604B05 /* Deposit.swift */; };
		349E312829C0684E00604B05 /* Withdraw.swift in Sources */ = {isa = PBXBuildFile; fileRef = 349E312729C0684E00604B05 /* Withdraw.swift */; };
		349E312C29C06B7800604B05 /* Bank Book.swift in Sources */ = {isa = PBXBuildFile; fileRef = 349E312B29C06B7800604B05 /* Bank Book.swift */; };
		349E312E29C06F6E00604B05 /* ChainOfResponsibilityViewController.swift in Sources */ = {isa = PBXBuildFile; fileRef = 349E312D29C06F6E00604B05 /* ChainOfResponsibilityViewController.swift */; };
		96535B8F29B63F4200C19406 /* Artist.swift in Sources */ = {isa = PBXBuildFile; fileRef = 96535B8E29B63F4200C19406 /* Artist.swift */; };
		96535B9129B642B800C19406 /* FaceFeature.swift in Sources */ = {isa = PBXBuildFile; fileRef = 96535B9029B642B800C19406 /* FaceFeature.swift */; };
		96535B9329B6434A00C19406 /* Man.swift in Sources */ = {isa = PBXBuildFile; fileRef = 96535B9229B6434A00C19406 /* Man.swift */; };
		96535B9529B6436300C19406 /* Woman.swift in Sources */ = {isa = PBXBuildFile; fileRef = 96535B9429B6436300C19406 /* Woman.swift */; };
		96535B9729B645F600C19406 /* AbstractFactory.swift in Sources */ = {isa = PBXBuildFile; fileRef = 96535B9629B645F600C19406 /* AbstractFactory.swift */; };
		96535B9929B647E900C19406 /* AbstractFactoryViewController.swift in Sources */ = {isa = PBXBuildFile; fileRef = 96535B9829B647E900C19406 /* AbstractFactoryViewController.swift */; };
		967A562629BB375400CC43A2 /* Prototype.swift in Sources */ = {isa = PBXBuildFile; fileRef = 967A562529BB375400CC43A2 /* Prototype.swift */; };
		967A562829BB5C1B00CC43A2 /* Building.swift in Sources */ = {isa = PBXBuildFile; fileRef = 967A562729BB5C1B00CC43A2 /* Building.swift */; };
		967A562A29BB606100CC43A2 /* PrototypeViewController.swift in Sources */ = {isa = PBXBuildFile; fileRef = 967A562929BB606100CC43A2 /* PrototypeViewController.swift */; };
		96C7702829BEB24B000A276C /* Adaptee.swift in Sources */ = {isa = PBXBuildFile; fileRef = 96C7702729BEB24B000A276C /* Adaptee.swift */; };
		96C7702A29BEB3B4000A276C /* AdapterViewController.swift in Sources */ = {isa = PBXBuildFile; fileRef = 96C7702929BEB3B4000A276C /* AdapterViewController.swift */; };
		96C7702D29BECA4A000A276C /* Ink.swift in Sources */ = {isa = PBXBuildFile; fileRef = 96C7702C29BECA4A000A276C /* Ink.swift */; };
		96C7702F29BECCA4000A276C /* Pen.swift in Sources */ = {isa = PBXBuildFile; fileRef = 96C7702E29BECCA4000A276C /* Pen.swift */; };
		96C7703129BECCE7000A276C /* HI-TEC-C.swift in Sources */ = {isa = PBXBuildFile; fileRef = 96C7703029BECCE7000A276C /* HI-TEC-C.swift */; };
		96C7703329BECD2D000A276C /* Zebra.swift in Sources */ = {isa = PBXBuildFile; fileRef = 96C7703229BECD2D000A276C /* Zebra.swift */; };
		96C7703529BECE75000A276C /* BridgeViewController.swift in Sources */ = {isa = PBXBuildFile; fileRef = 96C7703429BECE75000A276C /* BridgeViewController.swift */; };
		96C7703929BEDB72000A276C /* Downloader.swift in Sources */ = {isa = PBXBuildFile; fileRef = 96C7703829BEDB72000A276C /* Downloader.swift */; };
		96C7703D29BF00A5000A276C /* FacadeViewController.swift in Sources */ = {isa = PBXBuildFile; fileRef = 96C7703C29BF00A5000A276C /* FacadeViewController.swift */; };
		96C7704229BF1299000A276C /* FlyweightClass.swift in Sources */ = {isa = PBXBuildFile; fileRef = 96C7704129BF1299000A276C /* FlyweightClass.swift */; };
		96C7704429BF1F98000A276C /* FlyweightFactory.swift in Sources */ = {isa = PBXBuildFile; fileRef = 96C7704329BF1F98000A276C /* FlyweightFactory.swift */; };
		96C7704729BF2064000A276C /* FlyweightViewController.swift in Sources */ = {isa = PBXBuildFile; fileRef = 96C7704629BF2064000A276C /* FlyweightViewController.swift */; };
		96D3042B29C0C01D00384284 /* Expression.swift in Sources */ = {isa = PBXBuildFile; fileRef = 96D3042A29C0C01D00384284 /* Expression.swift */; };
		96D3042D29C0C72F00384284 /* IntergerContext.swift in Sources */ = {isa = PBXBuildFile; fileRef = 96D3042C29C0C72F00384284 /* IntergerContext.swift */; };
		96D3042F29C0C8A800384284 /* AddExpression.swift in Sources */ = {isa = PBXBuildFile; fileRef = 96D3042E29C0C8A800384284 /* AddExpression.swift */; };
		96D3043129C0C8B900384284 /* MultiplicationExpression.swift in Sources */ = {isa = PBXBuildFile; fileRef = 96D3043029C0C8B900384284 /* MultiplicationExpression.swift */; };
		96D3043329C0C8C500384284 /* SubstractionExpression.swift in Sources */ = {isa = PBXBuildFile; fileRef = 96D3043229C0C8C500384284 /* SubstractionExpression.swift */; };
		96D3043529C0CDB300384284 /* VariableExpression.swift in Sources */ = {isa = PBXBuildFile; fileRef = 96D3043429C0CDB300384284 /* VariableExpression.swift */; };
		96E5897129B5A05600131FCE /* AppDelegate.swift in Sources */ = {isa = PBXBuildFile; fileRef = 96E5897029B5A05600131FCE /* AppDelegate.swift */; };
		96E5897329B5A05600131FCE /* SceneDelegate.swift in Sources */ = {isa = PBXBuildFile; fileRef = 96E5897229B5A05600131FCE /* SceneDelegate.swift */; };
		96E5897529B5A05600131FCE /* LoginViewController.swift in Sources */ = {isa = PBXBuildFile; fileRef = 96E5897429B5A05600131FCE /* LoginViewController.swift */; };
		96E5897829B5A05600131FCE /* Main.storyboard in Resources */ = {isa = PBXBuildFile; fileRef = 96E5897629B5A05600131FCE /* Main.storyboard */; };
		96E5897A29B5A05800131FCE /* Assets.xcassets in Resources */ = {isa = PBXBuildFile; fileRef = 96E5897929B5A05800131FCE /* Assets.xcassets */; };
		96E5897D29B5A05800131FCE /* LaunchScreen.storyboard in Resources */ = {isa = PBXBuildFile; fileRef = 96E5897B29B5A05800131FCE /* LaunchScreen.storyboard */; };
		96E5898729B5A11700131FCE /* Singleton.swift in Sources */ = {isa = PBXBuildFile; fileRef = 96E5898629B5A11700131FCE /* Singleton.swift */; };
		96E5898B29B5B1CD00131FCE /* ObserverViewController.swift in Sources */ = {isa = PBXBuildFile; fileRef = 96E5898A29B5B1CD00131FCE /* ObserverViewController.swift */; };
		96E5898D29B5BC7A00131FCE /* Symbol.swift in Sources */ = {isa = PBXBuildFile; fileRef = 96E5898C29B5BC7A00131FCE /* Symbol.swift */; };
		96E5898F29B5BD0700131FCE /* Heart.swift in Sources */ = {isa = PBXBuildFile; fileRef = 96E5898E29B5BD0700131FCE /* Heart.swift */; };
		96E5899129B5BE7F00131FCE /* BrokeHeart.swift in Sources */ = {isa = PBXBuildFile; fileRef = 96E5899029B5BE7F00131FCE /* BrokeHeart.swift */; };
		96E5899329B5BF1F00131FCE /* SymbolFactory.swift in Sources */ = {isa = PBXBuildFile; fileRef = 96E5899229B5BF1F00131FCE /* SymbolFactory.swift */; };
		96E5899529B5C69500131FCE /* Subject.swift in Sources */ = {isa = PBXBuildFile; fileRef = 96E5899429B5C69500131FCE /* Subject.swift */; };
		96E5899729B5C6A100131FCE /* Observer.swift in Sources */ = {isa = PBXBuildFile; fileRef = 96E5899629B5C6A100131FCE /* Observer.swift */; };
		96E5899929B5F15200131FCE /* Extension.swift in Sources */ = {isa = PBXBuildFile; fileRef = 96E5899829B5F15200131FCE /* Extension.swift */; };
		96E5899B29B5F9F300131FCE /* MenuViewController.swift in Sources */ = {isa = PBXBuildFile; fileRef = 96E5899A29B5F9F300131FCE /* MenuViewController.swift */; };
		96E5899D29B5FDC200131FCE /* MenuTableViewCell.swift in Sources */ = {isa = PBXBuildFile; fileRef = 96E5899C29B5FDC200131FCE /* MenuTableViewCell.swift */; };
		96ECE34029B82A3A004A1235 /* Strategy.swift in Sources */ = {isa = PBXBuildFile; fileRef = 96ECE33F29B82A3A004A1235 /* Strategy.swift */; };
		96ECE34829B83387004A1235 /* InternationalAge.swift in Sources */ = {isa = PBXBuildFile; fileRef = 96ECE34729B83387004A1235 /* InternationalAge.swift */; };
		96ECE34A29B83391004A1235 /* KoreanAge.swift in Sources */ = {isa = PBXBuildFile; fileRef = 96ECE34929B83391004A1235 /* KoreanAge.swift */; };
		96ECE34C29B84125004A1235 /* AgeCalculator.swift in Sources */ = {isa = PBXBuildFile; fileRef = 96ECE34B29B84125004A1235 /* AgeCalculator.swift */; };
		96ECE34E29B8446D004A1235 /* StrategyViewController.swift in Sources */ = {isa = PBXBuildFile; fileRef = 96ECE34D29B8446D004A1235 /* StrategyViewController.swift */; };
		96ECE35329B88966004A1235 /* BuilderViewController.swift in Sources */ = {isa = PBXBuildFile; fileRef = 96ECE35229B88966004A1235 /* BuilderViewController.swift */; };
		96ECE35529B88C56004A1235 /* Builder.swift in Sources */ = {isa = PBXBuildFile; fileRef = 96ECE35429B88C56004A1235 /* Builder.swift */; };
		96ECE35729B897AA004A1235 /* House.swift in Sources */ = {isa = PBXBuildFile; fileRef = 96ECE35629B897AA004A1235 /* House.swift */; };
		96ECE35929B899B0004A1235 /* HouseBuilder.swift in Sources */ = {isa = PBXBuildFile; fileRef = 96ECE35829B899B0004A1235 /* HouseBuilder.swift */; };
		96F3DC5729BE2A4E00874650 /* Adapter.swift in Sources */ = {isa = PBXBuildFile; fileRef = 96F3DC5629BE2A4E00874650 /* Adapter.swift */; };
		96FF790429C18C0100B425FC /* InterpreterViewController.swift in Sources */ = {isa = PBXBuildFile; fileRef = 96FF790329C18C0100B425FC /* InterpreterViewController.swift */; };
		96FF790729C19E0100B425FC /* Mediator.swift in Sources */ = {isa = PBXBuildFile; fileRef = 96FF790629C19E0100B425FC /* Mediator.swift */; };
		96FF790929C19E5B00B425FC /* Colleague.swift in Sources */ = {isa = PBXBuildFile; fileRef = 96FF790829C19E5B00B425FC /* Colleague.swift */; };
		96FF790B29C1A3C600B425FC /* MediatorViewController.swift in Sources */ = {isa = PBXBuildFile; fileRef = 96FF790A29C1A3C600B425FC /* MediatorViewController.swift */; };
/* End PBXBuildFile section */

/* Begin PBXFileReference section */
		349E310B29C0209300604B05 /* BaseViewController.swift */ = {isa = PBXFileReference; lastKnownFileType = sourcecode.swift; path = BaseViewController.swift; sourceTree = "<group>"; };
		349E310D29C0256300604B05 /* TemplateViewController.swift */ = {isa = PBXFileReference; lastKnownFileType = sourcecode.swift; path = TemplateViewController.swift; sourceTree = "<group>"; };
		349E311029C0294500604B05 /* Iterator.swift */ = {isa = PBXFileReference; lastKnownFileType = sourcecode.swift; path = Iterator.swift; sourceTree = "<group>"; };
		349E311229C02A9900604B05 /* Collection.swift */ = {isa = PBXFileReference; lastKnownFileType = sourcecode.swift; path = Collection.swift; sourceTree = "<group>"; };
		349E311429C02DD500604B05 /* IteratorViewController.swift */ = {isa = PBXFileReference; lastKnownFileType = sourcecode.swift; path = IteratorViewController.swift; sourceTree = "<group>"; };
		349E311729C052CE00604B05 /* Command.swift */ = {isa = PBXFileReference; lastKnownFileType = sourcecode.swift; path = Command.swift; sourceTree = "<group>"; };
		349E311929C0585600604B05 /* LightOnCommand.swift */ = {isa = PBXFileReference; lastKnownFileType = sourcecode.swift; path = LightOnCommand.swift; sourceTree = "<group>"; };
		349E311B29C0588B00604B05 /* LightOffCommand.swift */ = {isa = PBXFileReference; lastKnownFileType = sourcecode.swift; path = LightOffCommand.swift; sourceTree = "<group>"; };
		349E311D29C0593900604B05 /* Light.swift */ = {isa = PBXFileReference; lastKnownFileType = sourcecode.swift; path = Light.swift; sourceTree = "<group>"; };
		349E311F29C05BF300604B05 /* CommandViewController.swift */ = {isa = PBXFileReference; lastKnownFileType = sourcecode.swift; path = CommandViewController.swift; sourceTree = "<group>"; };
		349E312129C05CE100604B05 /* Invoker.swift */ = {isa = PBXFileReference; lastKnownFileType = sourcecode.swift; path = Invoker.swift; sourceTree = "<group>"; };
		349E312329C0654F00604B05 /* Transaction.swift */ = {isa = PBXFileReference; lastKnownFileType = sourcecode.swift; path = Transaction.swift; sourceTree = "<group>"; };
		349E312529C0684100604B05 /* Deposit.swift */ = {isa = PBXFileReference; lastKnownFileType = sourcecode.swift; path = Deposit.swift; sourceTree = "<group>"; };
		349E312729C0684E00604B05 /* Withdraw.swift */ = {isa = PBXFileReference; lastKnownFileType = sourcecode.swift; path = Withdraw.swift; sourceTree = "<group>"; };
		349E312B29C06B7800604B05 /* Bank Book.swift */ = {isa = PBXFileReference; lastKnownFileType = sourcecode.swift; path = "Bank Book.swift"; sourceTree = "<group>"; };
		349E312D29C06F6E00604B05 /* ChainOfResponsibilityViewController.swift */ = {isa = PBXFileReference; lastKnownFileType = sourcecode.swift; path = ChainOfResponsibilityViewController.swift; sourceTree = "<group>"; };
		96535B8E29B63F4200C19406 /* Artist.swift */ = {isa = PBXFileReference; lastKnownFileType = sourcecode.swift; path = Artist.swift; sourceTree = "<group>"; };
		96535B9029B642B800C19406 /* FaceFeature.swift */ = {isa = PBXFileReference; lastKnownFileType = sourcecode.swift; path = FaceFeature.swift; sourceTree = "<group>"; };
		96535B9229B6434A00C19406 /* Man.swift */ = {isa = PBXFileReference; lastKnownFileType = sourcecode.swift; path = Man.swift; sourceTree = "<group>"; };
		96535B9429B6436300C19406 /* Woman.swift */ = {isa = PBXFileReference; lastKnownFileType = sourcecode.swift; path = Woman.swift; sourceTree = "<group>"; };
		96535B9629B645F600C19406 /* AbstractFactory.swift */ = {isa = PBXFileReference; lastKnownFileType = sourcecode.swift; path = AbstractFactory.swift; sourceTree = "<group>"; };
		96535B9829B647E900C19406 /* AbstractFactoryViewController.swift */ = {isa = PBXFileReference; lastKnownFileType = sourcecode.swift; path = AbstractFactoryViewController.swift; sourceTree = "<group>"; };
		967A562529BB375400CC43A2 /* Prototype.swift */ = {isa = PBXFileReference; lastKnownFileType = sourcecode.swift; path = Prototype.swift; sourceTree = "<group>"; };
		967A562729BB5C1B00CC43A2 /* Building.swift */ = {isa = PBXFileReference; lastKnownFileType = sourcecode.swift; path = Building.swift; sourceTree = "<group>"; };
		967A562929BB606100CC43A2 /* PrototypeViewController.swift */ = {isa = PBXFileReference; lastKnownFileType = sourcecode.swift; path = PrototypeViewController.swift; sourceTree = "<group>"; };
		96C7702729BEB24B000A276C /* Adaptee.swift */ = {isa = PBXFileReference; lastKnownFileType = sourcecode.swift; path = Adaptee.swift; sourceTree = "<group>"; };
		96C7702929BEB3B4000A276C /* AdapterViewController.swift */ = {isa = PBXFileReference; lastKnownFileType = sourcecode.swift; path = AdapterViewController.swift; sourceTree = "<group>"; };
		96C7702C29BECA4A000A276C /* Ink.swift */ = {isa = PBXFileReference; lastKnownFileType = sourcecode.swift; path = Ink.swift; sourceTree = "<group>"; };
		96C7702E29BECCA4000A276C /* Pen.swift */ = {isa = PBXFileReference; lastKnownFileType = sourcecode.swift; path = Pen.swift; sourceTree = "<group>"; };
		96C7703029BECCE7000A276C /* HI-TEC-C.swift */ = {isa = PBXFileReference; lastKnownFileType = sourcecode.swift; path = "HI-TEC-C.swift"; sourceTree = "<group>"; };
		96C7703229BECD2D000A276C /* Zebra.swift */ = {isa = PBXFileReference; lastKnownFileType = sourcecode.swift; path = Zebra.swift; sourceTree = "<group>"; };
		96C7703429BECE75000A276C /* BridgeViewController.swift */ = {isa = PBXFileReference; lastKnownFileType = sourcecode.swift; path = BridgeViewController.swift; sourceTree = "<group>"; };
		96C7703829BEDB72000A276C /* Downloader.swift */ = {isa = PBXFileReference; lastKnownFileType = sourcecode.swift; path = Downloader.swift; sourceTree = "<group>"; };
		96C7703C29BF00A5000A276C /* FacadeViewController.swift */ = {isa = PBXFileReference; lastKnownFileType = sourcecode.swift; path = FacadeViewController.swift; sourceTree = "<group>"; };
		96C7704129BF1299000A276C /* FlyweightClass.swift */ = {isa = PBXFileReference; lastKnownFileType = sourcecode.swift; path = FlyweightClass.swift; sourceTree = "<group>"; };
		96C7704329BF1F98000A276C /* FlyweightFactory.swift */ = {isa = PBXFileReference; lastKnownFileType = sourcecode.swift; path = FlyweightFactory.swift; sourceTree = "<group>"; };
		96C7704629BF2064000A276C /* FlyweightViewController.swift */ = {isa = PBXFileReference; lastKnownFileType = sourcecode.swift; path = FlyweightViewController.swift; sourceTree = "<group>"; };
		96D3042A29C0C01D00384284 /* Expression.swift */ = {isa = PBXFileReference; lastKnownFileType = sourcecode.swift; path = Expression.swift; sourceTree = "<group>"; };
		96D3042C29C0C72F00384284 /* IntergerContext.swift */ = {isa = PBXFileReference; lastKnownFileType = sourcecode.swift; path = IntergerContext.swift; sourceTree = "<group>"; };
		96D3042E29C0C8A800384284 /* AddExpression.swift */ = {isa = PBXFileReference; lastKnownFileType = sourcecode.swift; path = AddExpression.swift; sourceTree = "<group>"; };
		96D3043029C0C8B900384284 /* MultiplicationExpression.swift */ = {isa = PBXFileReference; lastKnownFileType = sourcecode.swift; path = MultiplicationExpression.swift; sourceTree = "<group>"; };
		96D3043229C0C8C500384284 /* SubstractionExpression.swift */ = {isa = PBXFileReference; lastKnownFileType = sourcecode.swift; path = SubstractionExpression.swift; sourceTree = "<group>"; };
		96D3043429C0CDB300384284 /* VariableExpression.swift */ = {isa = PBXFileReference; lastKnownFileType = sourcecode.swift; path = VariableExpression.swift; sourceTree = "<group>"; };
		96E5896D29B5A05600131FCE /* GoF-Design-Pattern.app */ = {isa = PBXFileReference; explicitFileType = wrapper.application; includeInIndex = 0; path = "GoF-Design-Pattern.app"; sourceTree = BUILT_PRODUCTS_DIR; };
		96E5897029B5A05600131FCE /* AppDelegate.swift */ = {isa = PBXFileReference; lastKnownFileType = sourcecode.swift; path = AppDelegate.swift; sourceTree = "<group>"; };
		96E5897229B5A05600131FCE /* SceneDelegate.swift */ = {isa = PBXFileReference; lastKnownFileType = sourcecode.swift; path = SceneDelegate.swift; sourceTree = "<group>"; };
		96E5897429B5A05600131FCE /* LoginViewController.swift */ = {isa = PBXFileReference; lastKnownFileType = sourcecode.swift; path = LoginViewController.swift; sourceTree = "<group>"; };
		96E5897729B5A05600131FCE /* Base */ = {isa = PBXFileReference; lastKnownFileType = file.storyboard; name = Base; path = Base.lproj/Main.storyboard; sourceTree = "<group>"; };
		96E5897929B5A05800131FCE /* Assets.xcassets */ = {isa = PBXFileReference; lastKnownFileType = folder.assetcatalog; path = Assets.xcassets; sourceTree = "<group>"; };
		96E5897C29B5A05800131FCE /* Base */ = {isa = PBXFileReference; lastKnownFileType = file.storyboard; name = Base; path = Base.lproj/LaunchScreen.storyboard; sourceTree = "<group>"; };
		96E5897E29B5A05800131FCE /* Info.plist */ = {isa = PBXFileReference; lastKnownFileType = text.plist.xml; path = Info.plist; sourceTree = "<group>"; };
		96E5898629B5A11700131FCE /* Singleton.swift */ = {isa = PBXFileReference; lastKnownFileType = sourcecode.swift; path = Singleton.swift; sourceTree = "<group>"; };
		96E5898A29B5B1CD00131FCE /* ObserverViewController.swift */ = {isa = PBXFileReference; lastKnownFileType = sourcecode.swift; path = ObserverViewController.swift; sourceTree = "<group>"; };
		96E5898C29B5BC7A00131FCE /* Symbol.swift */ = {isa = PBXFileReference; lastKnownFileType = sourcecode.swift; path = Symbol.swift; sourceTree = "<group>"; };
		96E5898E29B5BD0700131FCE /* Heart.swift */ = {isa = PBXFileReference; lastKnownFileType = sourcecode.swift; path = Heart.swift; sourceTree = "<group>"; };
		96E5899029B5BE7F00131FCE /* BrokeHeart.swift */ = {isa = PBXFileReference; lastKnownFileType = sourcecode.swift; path = BrokeHeart.swift; sourceTree = "<group>"; };
		96E5899229B5BF1F00131FCE /* SymbolFactory.swift */ = {isa = PBXFileReference; lastKnownFileType = sourcecode.swift; path = SymbolFactory.swift; sourceTree = "<group>"; };
		96E5899429B5C69500131FCE /* Subject.swift */ = {isa = PBXFileReference; lastKnownFileType = sourcecode.swift; path = Subject.swift; sourceTree = "<group>"; };
		96E5899629B5C6A100131FCE /* Observer.swift */ = {isa = PBXFileReference; lastKnownFileType = sourcecode.swift; path = Observer.swift; sourceTree = "<group>"; };
		96E5899829B5F15200131FCE /* Extension.swift */ = {isa = PBXFileReference; lastKnownFileType = sourcecode.swift; path = Extension.swift; sourceTree = "<group>"; };
		96E5899A29B5F9F300131FCE /* MenuViewController.swift */ = {isa = PBXFileReference; lastKnownFileType = sourcecode.swift; path = MenuViewController.swift; sourceTree = "<group>"; };
		96E5899C29B5FDC200131FCE /* MenuTableViewCell.swift */ = {isa = PBXFileReference; lastKnownFileType = sourcecode.swift; path = MenuTableViewCell.swift; sourceTree = "<group>"; };
		96ECE33F29B82A3A004A1235 /* Strategy.swift */ = {isa = PBXFileReference; lastKnownFileType = sourcecode.swift; path = Strategy.swift; sourceTree = "<group>"; };
		96ECE34729B83387004A1235 /* InternationalAge.swift */ = {isa = PBXFileReference; lastKnownFileType = sourcecode.swift; path = InternationalAge.swift; sourceTree = "<group>"; };
		96ECE34929B83391004A1235 /* KoreanAge.swift */ = {isa = PBXFileReference; lastKnownFileType = sourcecode.swift; path = KoreanAge.swift; sourceTree = "<group>"; };
		96ECE34B29B84125004A1235 /* AgeCalculator.swift */ = {isa = PBXFileReference; lastKnownFileType = sourcecode.swift; path = AgeCalculator.swift; sourceTree = "<group>"; };
		96ECE34D29B8446D004A1235 /* StrategyViewController.swift */ = {isa = PBXFileReference; lastKnownFileType = sourcecode.swift; path = StrategyViewController.swift; sourceTree = "<group>"; };
		96ECE35229B88966004A1235 /* BuilderViewController.swift */ = {isa = PBXFileReference; lastKnownFileType = sourcecode.swift; path = BuilderViewController.swift; sourceTree = "<group>"; };
		96ECE35429B88C56004A1235 /* Builder.swift */ = {isa = PBXFileReference; lastKnownFileType = sourcecode.swift; path = Builder.swift; sourceTree = "<group>"; };
		96ECE35629B897AA004A1235 /* House.swift */ = {isa = PBXFileReference; lastKnownFileType = sourcecode.swift; path = House.swift; sourceTree = "<group>"; };
		96ECE35829B899B0004A1235 /* HouseBuilder.swift */ = {isa = PBXFileReference; lastKnownFileType = sourcecode.swift; path = HouseBuilder.swift; sourceTree = "<group>"; };
		96F3DC5629BE2A4E00874650 /* Adapter.swift */ = {isa = PBXFileReference; lastKnownFileType = sourcecode.swift; path = Adapter.swift; sourceTree = "<group>"; };
		96FF790329C18C0100B425FC /* InterpreterViewController.swift */ = {isa = PBXFileReference; lastKnownFileType = sourcecode.swift; path = InterpreterViewController.swift; sourceTree = "<group>"; };
		96FF790629C19E0100B425FC /* Mediator.swift */ = {isa = PBXFileReference; lastKnownFileType = sourcecode.swift; path = Mediator.swift; sourceTree = "<group>"; };
		96FF790829C19E5B00B425FC /* Colleague.swift */ = {isa = PBXFileReference; lastKnownFileType = sourcecode.swift; path = Colleague.swift; sourceTree = "<group>"; };
		96FF790A29C1A3C600B425FC /* MediatorViewController.swift */ = {isa = PBXFileReference; lastKnownFileType = sourcecode.swift; path = MediatorViewController.swift; sourceTree = "<group>"; };
/* End PBXFileReference section */

/* Begin PBXFrameworksBuildPhase section */
		96E5896A29B5A05600131FCE /* Frameworks */ = {
			isa = PBXFrameworksBuildPhase;
			buildActionMask = 2147483647;
			files = (
			);
			runOnlyForDeploymentPostprocessing = 0;
		};
/* End PBXFrameworksBuildPhase section */

/* Begin PBXGroup section */
		349E310829C01BDE00604B05 /* ChainOfResponsibility */ = {
			isa = PBXGroup;
			children = (
				349E312329C0654F00604B05 /* Transaction.swift */,
				349E312529C0684100604B05 /* Deposit.swift */,
				349E312729C0684E00604B05 /* Withdraw.swift */,
				349E312B29C06B7800604B05 /* Bank Book.swift */,
				349E312D29C06F6E00604B05 /* ChainOfResponsibilityViewController.swift */,
			);
			path = ChainOfResponsibility;
			sourceTree = "<group>";
		};
		349E310A29C01F0E00604B05 /* Template Method */ = {
			isa = PBXGroup;
			children = (
				349E310B29C0209300604B05 /* BaseViewController.swift */,
				349E310D29C0256300604B05 /* TemplateViewController.swift */,
			);
			path = "Template Method";
			sourceTree = "<group>";
		};
		349E310F29C0292D00604B05 /* Iterator */ = {
			isa = PBXGroup;
			children = (
				349E311029C0294500604B05 /* Iterator.swift */,
				349E311229C02A9900604B05 /* Collection.swift */,
				349E311429C02DD500604B05 /* IteratorViewController.swift */,
			);
			path = Iterator;
			sourceTree = "<group>";
		};
		349E311629C0526900604B05 /* Command */ = {
			isa = PBXGroup;
			children = (
				349E311729C052CE00604B05 /* Command.swift */,
				349E311929C0585600604B05 /* LightOnCommand.swift */,
				349E311B29C0588B00604B05 /* LightOffCommand.swift */,
				349E311D29C0593900604B05 /* Light.swift */,
				349E311F29C05BF300604B05 /* CommandViewController.swift */,
				349E312129C05CE100604B05 /* Invoker.swift */,
			);
			path = Command;
			sourceTree = "<group>";
		};
		96535B8D29B63DC500C19406 /* Abstract Factory */ = {
			isa = PBXGroup;
			children = (
				96535B9829B647E900C19406 /* AbstractFactoryViewController.swift */,
				96535B8E29B63F4200C19406 /* Artist.swift */,
				96535B9029B642B800C19406 /* FaceFeature.swift */,
				96535B9229B6434A00C19406 /* Man.swift */,
				96535B9429B6436300C19406 /* Woman.swift */,
				96535B9629B645F600C19406 /* AbstractFactory.swift */,
			);
			path = "Abstract Factory";
			sourceTree = "<group>";
		};
		967A562429BB36A000CC43A2 /* Prototype */ = {
			isa = PBXGroup;
			children = (
				967A562529BB375400CC43A2 /* Prototype.swift */,
				967A562729BB5C1B00CC43A2 /* Building.swift */,
				967A562929BB606100CC43A2 /* PrototypeViewController.swift */,
			);
			path = Prototype;
			sourceTree = "<group>";
		};
		96C7702B29BEC96D000A276C /* Bridge */ = {
			isa = PBXGroup;
			children = (
				96C7702C29BECA4A000A276C /* Ink.swift */,
				96C7702E29BECCA4000A276C /* Pen.swift */,
				96C7703029BECCE7000A276C /* HI-TEC-C.swift */,
				96C7703229BECD2D000A276C /* Zebra.swift */,
				96C7703429BECE75000A276C /* BridgeViewController.swift */,
			);
			path = Bridge;
			sourceTree = "<group>";
		};
		96C7703629BED9FF000A276C /* Composite */ = {
			isa = PBXGroup;
			children = (
			);
			path = Composite;
			sourceTree = "<group>";
		};
		96C7703729BEDB51000A276C /* Facade */ = {
			isa = PBXGroup;
			children = (
				96C7703829BEDB72000A276C /* Downloader.swift */,
				96C7703C29BF00A5000A276C /* FacadeViewController.swift */,
			);
			path = Facade;
			sourceTree = "<group>";
		};
		96C7703E29BF0FC1000A276C /* Flyweight */ = {
			isa = PBXGroup;
			children = (
				96C7704129BF1299000A276C /* FlyweightClass.swift */,
				96C7704329BF1F98000A276C /* FlyweightFactory.swift */,
				96C7704629BF2064000A276C /* FlyweightViewController.swift */,
			);
			path = Flyweight;
			sourceTree = "<group>";
		};
		96C7703F29BF0FD1000A276C /* ProtectionProxy */ = {
			isa = PBXGroup;
			children = (
			);
			path = ProtectionProxy;
			sourceTree = "<group>";
		};
		96C7704029BF0FDB000A276C /* VirtualProxy */ = {
			isa = PBXGroup;
			children = (
			);
			path = VirtualProxy;
			sourceTree = "<group>";
		};
		96D3042929C0BF6E00384284 /* Interpreter */ = {
			isa = PBXGroup;
			children = (
				96D3042A29C0C01D00384284 /* Expression.swift */,
				96D3042C29C0C72F00384284 /* IntergerContext.swift */,
				96D3042E29C0C8A800384284 /* AddExpression.swift */,
				96D3043029C0C8B900384284 /* MultiplicationExpression.swift */,
				96D3043229C0C8C500384284 /* SubstractionExpression.swift */,
				96D3043429C0CDB300384284 /* VariableExpression.swift */,
				96FF790329C18C0100B425FC /* InterpreterViewController.swift */,
			);
			path = Interpreter;
			sourceTree = "<group>";
		};
		96D55C9329B753E300997A57 /* Strategy */ = {
			isa = PBXGroup;
			children = (
				96ECE33F29B82A3A004A1235 /* Strategy.swift */,
				96ECE34729B83387004A1235 /* InternationalAge.swift */,
				96ECE34929B83391004A1235 /* KoreanAge.swift */,
				96ECE34B29B84125004A1235 /* AgeCalculator.swift */,
				96ECE34D29B8446D004A1235 /* StrategyViewController.swift */,
			);
			path = Strategy;
			sourceTree = "<group>";
		};
		96E5896429B5A05600131FCE = {
			isa = PBXGroup;
			children = (
				96E5896F29B5A05600131FCE /* GoF-Design-Pattern */,
				96E5896E29B5A05600131FCE /* Products */,
			);
			sourceTree = "<group>";
		};
		96E5896E29B5A05600131FCE /* Products */ = {
			isa = PBXGroup;
			children = (
				96E5896D29B5A05600131FCE /* GoF-Design-Pattern.app */,
			);
			name = Products;
			sourceTree = "<group>";
		};
		96E5896F29B5A05600131FCE /* GoF-Design-Pattern */ = {
			isa = PBXGroup;
			children = (
				96F3DC5429BE297E00874650 /* Creational */,
				96F3DC5329BE296A00874650 /* Structural */,
				96F3DC5529BE299A00874650 /* Behavior */,
				96E5898429B5A0F700131FCE /* App */,
				96E589A029B6099400131FCE /* ViewController */,
				96E5897629B5A05600131FCE /* Main.storyboard */,
			);
			path = "GoF-Design-Pattern";
			sourceTree = "<group>";
		};
		96E5898429B5A0F700131FCE /* App */ = {
			isa = PBXGroup;
			children = (
				96E5897929B5A05800131FCE /* Assets.xcassets */,
				96E5897B29B5A05800131FCE /* LaunchScreen.storyboard */,
				96E5897E29B5A05800131FCE /* Info.plist */,
				96E5897029B5A05600131FCE /* AppDelegate.swift */,
				96E5897229B5A05600131FCE /* SceneDelegate.swift */,
			);
			path = App;
			sourceTree = "<group>";
		};
		96E5898529B5A10300131FCE /* Singleton */ = {
			isa = PBXGroup;
			children = (
				96E5898629B5A11700131FCE /* Singleton.swift */,
			);
			path = Singleton;
			sourceTree = "<group>";
		};
		96E5898829B5B18A00131FCE /* Factory Method */ = {
			isa = PBXGroup;
			children = (
				96E5898C29B5BC7A00131FCE /* Symbol.swift */,
				96E5898E29B5BD0700131FCE /* Heart.swift */,
				96E5899029B5BE7F00131FCE /* BrokeHeart.swift */,
				96E5899229B5BF1F00131FCE /* SymbolFactory.swift */,
			);
			path = "Factory Method";
			sourceTree = "<group>";
		};
		96E5898929B5B1A700131FCE /* Observer */ = {
			isa = PBXGroup;
			children = (
				96E5898A29B5B1CD00131FCE /* ObserverViewController.swift */,
				96E5899429B5C69500131FCE /* Subject.swift */,
				96E5899629B5C6A100131FCE /* Observer.swift */,
				96E5899829B5F15200131FCE /* Extension.swift */,
			);
			path = Observer;
			sourceTree = "<group>";
		};
		96E589A029B6099400131FCE /* ViewController */ = {
			isa = PBXGroup;
			children = (
				96E589A229B609AA00131FCE /* Menu */,
				96E589A129B609A600131FCE /* Login */,
			);
			path = ViewController;
			sourceTree = "<group>";
		};
		96E589A129B609A600131FCE /* Login */ = {
			isa = PBXGroup;
			children = (
				96E5897429B5A05600131FCE /* LoginViewController.swift */,
			);
			path = Login;
			sourceTree = "<group>";
		};
		96E589A229B609AA00131FCE /* Menu */ = {
			isa = PBXGroup;
			children = (
				96E5899C29B5FDC200131FCE /* MenuTableViewCell.swift */,
				96E5899A29B5F9F300131FCE /* MenuViewController.swift */,
			);
			path = Menu;
			sourceTree = "<group>";
		};
		96ECE35129B88903004A1235 /* Builder */ = {
			isa = PBXGroup;
			children = (
				96ECE35229B88966004A1235 /* BuilderViewController.swift */,
				96ECE35429B88C56004A1235 /* Builder.swift */,
				96ECE35629B897AA004A1235 /* House.swift */,
				96ECE35829B899B0004A1235 /* HouseBuilder.swift */,
			);
			path = Builder;
			sourceTree = "<group>";
		};
		96F3DC5229BE295900874650 /* Adapter */ = {
			isa = PBXGroup;
			children = (
				96F3DC5629BE2A4E00874650 /* Adapter.swift */,
				96C7702729BEB24B000A276C /* Adaptee.swift */,
				96C7702929BEB3B4000A276C /* AdapterViewController.swift */,
			);
			path = Adapter;
			sourceTree = "<group>";
		};
		96F3DC5329BE296A00874650 /* Structural */ = {
			isa = PBXGroup;
			children = (
				96C7704029BF0FDB000A276C /* VirtualProxy */,
				96C7703F29BF0FD1000A276C /* ProtectionProxy */,
				96C7703E29BF0FC1000A276C /* Flyweight */,
				96C7703729BEDB51000A276C /* Facade */,
				96C7703629BED9FF000A276C /* Composite */,
				96C7702B29BEC96D000A276C /* Bridge */,
				96F3DC5229BE295900874650 /* Adapter */,
			);
			path = Structural;
			sourceTree = "<group>";
		};
		96F3DC5429BE297E00874650 /* Creational */ = {
			isa = PBXGroup;
			children = (
				967A562429BB36A000CC43A2 /* Prototype */,
				96ECE35129B88903004A1235 /* Builder */,
				96535B8D29B63DC500C19406 /* Abstract Factory */,
				96E5898829B5B18A00131FCE /* Factory Method */,
				96E5898529B5A10300131FCE /* Singleton */,
			);
			path = Creational;
			sourceTree = "<group>";
		};
		96F3DC5529BE299A00874650 /* Behavior */ = {
			isa = PBXGroup;
			children = (
				96FF790529C19DF200B425FC /* Mediator */,
				96D3042929C0BF6E00384284 /* Interpreter */,
				349E311629C0526900604B05 /* Command */,
				349E310F29C0292D00604B05 /* Iterator */,
				349E310A29C01F0E00604B05 /* Template Method */,
				349E310829C01BDE00604B05 /* ChainOfResponsibility */,
				96E5898929B5B1A700131FCE /* Observer */,
				96D55C9329B753E300997A57 /* Strategy */,
			);
			path = Behavior;
			sourceTree = "<group>";
		};
		96FF790529C19DF200B425FC /* Mediator */ = {
			isa = PBXGroup;
			children = (
				96FF790629C19E0100B425FC /* Mediator.swift */,
				96FF790829C19E5B00B425FC /* Colleague.swift */,
				96FF790A29C1A3C600B425FC /* MediatorViewController.swift */,
			);
			path = Mediator;
			sourceTree = "<group>";
		};
/* End PBXGroup section */

/* Begin PBXNativeTarget section */
		96E5896C29B5A05600131FCE /* GoF-Design-Pattern */ = {
			isa = PBXNativeTarget;
			buildConfigurationList = 96E5898129B5A05800131FCE /* Build configuration list for PBXNativeTarget "GoF-Design-Pattern" */;
			buildPhases = (
				96E5896929B5A05600131FCE /* Sources */,
				96E5896A29B5A05600131FCE /* Frameworks */,
				96E5896B29B5A05600131FCE /* Resources */,
			);
			buildRules = (
			);
			dependencies = (
			);
			name = "GoF-Design-Pattern";
			productName = "GoF-Design-Pattern";
			productReference = 96E5896D29B5A05600131FCE /* GoF-Design-Pattern.app */;
			productType = "com.apple.product-type.application";
		};
/* End PBXNativeTarget section */

/* Begin PBXProject section */
		96E5896529B5A05600131FCE /* Project object */ = {
			isa = PBXProject;
			attributes = {
				BuildIndependentTargetsInParallel = 1;
				LastSwiftUpdateCheck = 1320;
				LastUpgradeCheck = 1320;
				TargetAttributes = {
					96E5896C29B5A05600131FCE = {
						CreatedOnToolsVersion = 13.2.1;
					};
				};
			};
			buildConfigurationList = 96E5896829B5A05600131FCE /* Build configuration list for PBXProject "GoF-Design-Pattern" */;
			compatibilityVersion = "Xcode 13.0";
			developmentRegion = en;
			hasScannedForEncodings = 0;
			knownRegions = (
				en,
				Base,
			);
			mainGroup = 96E5896429B5A05600131FCE;
			productRefGroup = 96E5896E29B5A05600131FCE /* Products */;
			projectDirPath = "";
			projectRoot = "";
			targets = (
				96E5896C29B5A05600131FCE /* GoF-Design-Pattern */,
			);
		};
/* End PBXProject section */

/* Begin PBXResourcesBuildPhase section */
		96E5896B29B5A05600131FCE /* Resources */ = {
			isa = PBXResourcesBuildPhase;
			buildActionMask = 2147483647;
			files = (
				96E5897D29B5A05800131FCE /* LaunchScreen.storyboard in Resources */,
				96E5897A29B5A05800131FCE /* Assets.xcassets in Resources */,
				96E5897829B5A05600131FCE /* Main.storyboard in Resources */,
			);
			runOnlyForDeploymentPostprocessing = 0;
		};
/* End PBXResourcesBuildPhase section */

/* Begin PBXSourcesBuildPhase section */
		96E5896929B5A05600131FCE /* Sources */ = {
			isa = PBXSourcesBuildPhase;
			buildActionMask = 2147483647;
			files = (
				96E5898B29B5B1CD00131FCE /* ObserverViewController.swift in Sources */,
				96C7704229BF1299000A276C /* FlyweightClass.swift in Sources */,
				349E312629C0684100604B05 /* Deposit.swift in Sources */,
				96C7703529BECE75000A276C /* BridgeViewController.swift in Sources */,
				96D3042D29C0C72F00384284 /* IntergerContext.swift in Sources */,
				349E311129C0294500604B05 /* Iterator.swift in Sources */,
				96FF790729C19E0100B425FC /* Mediator.swift in Sources */,
				96535B9329B6434A00C19406 /* Man.swift in Sources */,
				96535B9529B6436300C19406 /* Woman.swift in Sources */,
				96E5897529B5A05600131FCE /* LoginViewController.swift in Sources */,
				349E311C29C0588B00604B05 /* LightOffCommand.swift in Sources */,
				96FF790929C19E5B00B425FC /* Colleague.swift in Sources */,
				96E5899D29B5FDC200131FCE /* MenuTableViewCell.swift in Sources */,
				96FF790B29C1A3C600B425FC /* MediatorViewController.swift in Sources */,
				96E5899129B5BE7F00131FCE /* BrokeHeart.swift in Sources */,
				349E312029C05BF300604B05 /* CommandViewController.swift in Sources */,
				349E312429C0654F00604B05 /* Transaction.swift in Sources */,
				96ECE34A29B83391004A1235 /* KoreanAge.swift in Sources */,
				96ECE34829B83387004A1235 /* InternationalAge.swift in Sources */,
				96535B9729B645F600C19406 /* AbstractFactory.swift in Sources */,
				349E312229C05CE100604B05 /* Invoker.swift in Sources */,
				96C7703129BECCE7000A276C /* HI-TEC-C.swift in Sources */,
				96E5899929B5F15200131FCE /* Extension.swift in Sources */,
				96E5899329B5BF1F00131FCE /* SymbolFactory.swift in Sources */,
				96E5898729B5A11700131FCE /* Singleton.swift in Sources */,
				96C7703D29BF00A5000A276C /* FacadeViewController.swift in Sources */,
				349E311E29C0593900604B05 /* Light.swift in Sources */,
				349E311829C052CE00604B05 /* Command.swift in Sources */,
				96FF790429C18C0100B425FC /* InterpreterViewController.swift in Sources */,
				96C7704429BF1F98000A276C /* FlyweightFactory.swift in Sources */,
				349E312829C0684E00604B05 /* Withdraw.swift in Sources */,
				96ECE35329B88966004A1235 /* BuilderViewController.swift in Sources */,
				349E311329C02A9900604B05 /* Collection.swift in Sources */,
				967A562A29BB606100CC43A2 /* PrototypeViewController.swift in Sources */,
				96C7702D29BECA4A000A276C /* Ink.swift in Sources */,
				96E5898D29B5BC7A00131FCE /* Symbol.swift in Sources */,
				96C7702F29BECCA4000A276C /* Pen.swift in Sources */,
				96ECE35729B897AA004A1235 /* House.swift in Sources */,
				96ECE34C29B84125004A1235 /* AgeCalculator.swift in Sources */,
				349E311A29C0585600604B05 /* LightOnCommand.swift in Sources */,
				96E5899B29B5F9F300131FCE /* MenuViewController.swift in Sources */,
				96E5899529B5C69500131FCE /* Subject.swift in Sources */,
				967A562829BB5C1B00CC43A2 /* Building.swift in Sources */,
				96D3042F29C0C8A800384284 /* AddExpression.swift in Sources */,
				96C7702829BEB24B000A276C /* Adaptee.swift in Sources */,
				96535B9929B647E900C19406 /* AbstractFactoryViewController.swift in Sources */,
				96E5897129B5A05600131FCE /* AppDelegate.swift in Sources */,
				96D3043529C0CDB300384284 /* VariableExpression.swift in Sources */,
				96C7702A29BEB3B4000A276C /* AdapterViewController.swift in Sources */,
				96C7703929BEDB72000A276C /* Downloader.swift in Sources */,
				96ECE34E29B8446D004A1235 /* StrategyViewController.swift in Sources */,
				96535B9129B642B800C19406 /* FaceFeature.swift in Sources */,
				96ECE35929B899B0004A1235 /* HouseBuilder.swift in Sources */,
				96C7703329BECD2D000A276C /* Zebra.swift in Sources */,
				96E5899729B5C6A100131FCE /* Observer.swift in Sources */,
				349E312E29C06F6E00604B05 /* ChainOfResponsibilityViewController.swift in Sources */,
				96ECE34029B82A3A004A1235 /* Strategy.swift in Sources */,
				96D3043329C0C8C500384284 /* SubstractionExpression.swift in Sources */,
				349E311529C02DD500604B05 /* IteratorViewController.swift in Sources */,
				96ECE35529B88C56004A1235 /* Builder.swift in Sources */,
				96F3DC5729BE2A4E00874650 /* Adapter.swift in Sources */,
				967A562629BB375400CC43A2 /* Prototype.swift in Sources */,
				349E310E29C0256300604B05 /* TemplateViewController.swift in Sources */,
				349E310C29C0209300604B05 /* BaseViewController.swift in Sources */,
				349E312C29C06B7800604B05 /* Bank Book.swift in Sources */,
				96535B8F29B63F4200C19406 /* Artist.swift in Sources */,
				96E5898F29B5BD0700131FCE /* Heart.swift in Sources */,
				96D3042B29C0C01D00384284 /* Expression.swift in Sources */,
				96C7704729BF2064000A276C /* FlyweightViewController.swift in Sources */,
				96D3043129C0C8B900384284 /* MultiplicationExpression.swift in Sources */,
				96E5897329B5A05600131FCE /* SceneDelegate.swift in Sources */,
			);
			runOnlyForDeploymentPostprocessing = 0;
		};
/* End PBXSourcesBuildPhase section */

/* Begin PBXVariantGroup section */
		96E5897629B5A05600131FCE /* Main.storyboard */ = {
			isa = PBXVariantGroup;
			children = (
				96E5897729B5A05600131FCE /* Base */,
			);
			name = Main.storyboard;
			sourceTree = "<group>";
		};
		96E5897B29B5A05800131FCE /* LaunchScreen.storyboard */ = {
			isa = PBXVariantGroup;
			children = (
				96E5897C29B5A05800131FCE /* Base */,
			);
			name = LaunchScreen.storyboard;
			sourceTree = "<group>";
		};
/* End PBXVariantGroup section */

/* Begin XCBuildConfiguration section */
		96E5897F29B5A05800131FCE /* Debug */ = {
			isa = XCBuildConfiguration;
			buildSettings = {
				ALWAYS_SEARCH_USER_PATHS = NO;
				CLANG_ANALYZER_NONNULL = YES;
				CLANG_ANALYZER_NUMBER_OBJECT_CONVERSION = YES_AGGRESSIVE;
				CLANG_CXX_LANGUAGE_STANDARD = "gnu++17";
				CLANG_CXX_LIBRARY = "libc++";
				CLANG_ENABLE_MODULES = YES;
				CLANG_ENABLE_OBJC_ARC = YES;
				CLANG_ENABLE_OBJC_WEAK = YES;
				CLANG_WARN_BLOCK_CAPTURE_AUTORELEASING = YES;
				CLANG_WARN_BOOL_CONVERSION = YES;
				CLANG_WARN_COMMA = YES;
				CLANG_WARN_CONSTANT_CONVERSION = YES;
				CLANG_WARN_DEPRECATED_OBJC_IMPLEMENTATIONS = YES;
				CLANG_WARN_DIRECT_OBJC_ISA_USAGE = YES_ERROR;
				CLANG_WARN_DOCUMENTATION_COMMENTS = YES;
				CLANG_WARN_EMPTY_BODY = YES;
				CLANG_WARN_ENUM_CONVERSION = YES;
				CLANG_WARN_INFINITE_RECURSION = YES;
				CLANG_WARN_INT_CONVERSION = YES;
				CLANG_WARN_NON_LITERAL_NULL_CONVERSION = YES;
				CLANG_WARN_OBJC_IMPLICIT_RETAIN_SELF = YES;
				CLANG_WARN_OBJC_LITERAL_CONVERSION = YES;
				CLANG_WARN_OBJC_ROOT_CLASS = YES_ERROR;
				CLANG_WARN_QUOTED_INCLUDE_IN_FRAMEWORK_HEADER = YES;
				CLANG_WARN_RANGE_LOOP_ANALYSIS = YES;
				CLANG_WARN_STRICT_PROTOTYPES = YES;
				CLANG_WARN_SUSPICIOUS_MOVE = YES;
				CLANG_WARN_UNGUARDED_AVAILABILITY = YES_AGGRESSIVE;
				CLANG_WARN_UNREACHABLE_CODE = YES;
				CLANG_WARN__DUPLICATE_METHOD_MATCH = YES;
				COPY_PHASE_STRIP = NO;
				DEBUG_INFORMATION_FORMAT = dwarf;
				ENABLE_STRICT_OBJC_MSGSEND = YES;
				ENABLE_TESTABILITY = YES;
				GCC_C_LANGUAGE_STANDARD = gnu11;
				GCC_DYNAMIC_NO_PIC = NO;
				GCC_NO_COMMON_BLOCKS = YES;
				GCC_OPTIMIZATION_LEVEL = 0;
				GCC_PREPROCESSOR_DEFINITIONS = (
					"DEBUG=1",
					"$(inherited)",
				);
				GCC_WARN_64_TO_32_BIT_CONVERSION = YES;
				GCC_WARN_ABOUT_RETURN_TYPE = YES_ERROR;
				GCC_WARN_UNDECLARED_SELECTOR = YES;
				GCC_WARN_UNINITIALIZED_AUTOS = YES_AGGRESSIVE;
				GCC_WARN_UNUSED_FUNCTION = YES;
				GCC_WARN_UNUSED_VARIABLE = YES;
				IPHONEOS_DEPLOYMENT_TARGET = 15.2;
				MTL_ENABLE_DEBUG_INFO = INCLUDE_SOURCE;
				MTL_FAST_MATH = YES;
				ONLY_ACTIVE_ARCH = YES;
				SDKROOT = iphoneos;
				SWIFT_ACTIVE_COMPILATION_CONDITIONS = DEBUG;
				SWIFT_OPTIMIZATION_LEVEL = "-Onone";
			};
			name = Debug;
		};
		96E5898029B5A05800131FCE /* Release */ = {
			isa = XCBuildConfiguration;
			buildSettings = {
				ALWAYS_SEARCH_USER_PATHS = NO;
				CLANG_ANALYZER_NONNULL = YES;
				CLANG_ANALYZER_NUMBER_OBJECT_CONVERSION = YES_AGGRESSIVE;
				CLANG_CXX_LANGUAGE_STANDARD = "gnu++17";
				CLANG_CXX_LIBRARY = "libc++";
				CLANG_ENABLE_MODULES = YES;
				CLANG_ENABLE_OBJC_ARC = YES;
				CLANG_ENABLE_OBJC_WEAK = YES;
				CLANG_WARN_BLOCK_CAPTURE_AUTORELEASING = YES;
				CLANG_WARN_BOOL_CONVERSION = YES;
				CLANG_WARN_COMMA = YES;
				CLANG_WARN_CONSTANT_CONVERSION = YES;
				CLANG_WARN_DEPRECATED_OBJC_IMPLEMENTATIONS = YES;
				CLANG_WARN_DIRECT_OBJC_ISA_USAGE = YES_ERROR;
				CLANG_WARN_DOCUMENTATION_COMMENTS = YES;
				CLANG_WARN_EMPTY_BODY = YES;
				CLANG_WARN_ENUM_CONVERSION = YES;
				CLANG_WARN_INFINITE_RECURSION = YES;
				CLANG_WARN_INT_CONVERSION = YES;
				CLANG_WARN_NON_LITERAL_NULL_CONVERSION = YES;
				CLANG_WARN_OBJC_IMPLICIT_RETAIN_SELF = YES;
				CLANG_WARN_OBJC_LITERAL_CONVERSION = YES;
				CLANG_WARN_OBJC_ROOT_CLASS = YES_ERROR;
				CLANG_WARN_QUOTED_INCLUDE_IN_FRAMEWORK_HEADER = YES;
				CLANG_WARN_RANGE_LOOP_ANALYSIS = YES;
				CLANG_WARN_STRICT_PROTOTYPES = YES;
				CLANG_WARN_SUSPICIOUS_MOVE = YES;
				CLANG_WARN_UNGUARDED_AVAILABILITY = YES_AGGRESSIVE;
				CLANG_WARN_UNREACHABLE_CODE = YES;
				CLANG_WARN__DUPLICATE_METHOD_MATCH = YES;
				COPY_PHASE_STRIP = NO;
				DEBUG_INFORMATION_FORMAT = "dwarf-with-dsym";
				ENABLE_NS_ASSERTIONS = NO;
				ENABLE_STRICT_OBJC_MSGSEND = YES;
				GCC_C_LANGUAGE_STANDARD = gnu11;
				GCC_NO_COMMON_BLOCKS = YES;
				GCC_WARN_64_TO_32_BIT_CONVERSION = YES;
				GCC_WARN_ABOUT_RETURN_TYPE = YES_ERROR;
				GCC_WARN_UNDECLARED_SELECTOR = YES;
				GCC_WARN_UNINITIALIZED_AUTOS = YES_AGGRESSIVE;
				GCC_WARN_UNUSED_FUNCTION = YES;
				GCC_WARN_UNUSED_VARIABLE = YES;
				IPHONEOS_DEPLOYMENT_TARGET = 15.2;
				MTL_ENABLE_DEBUG_INFO = NO;
				MTL_FAST_MATH = YES;
				SDKROOT = iphoneos;
				SWIFT_COMPILATION_MODE = wholemodule;
				SWIFT_OPTIMIZATION_LEVEL = "-O";
				VALIDATE_PRODUCT = YES;
			};
			name = Release;
		};
		96E5898229B5A05800131FCE /* Debug */ = {
			isa = XCBuildConfiguration;
			buildSettings = {
				ASSETCATALOG_COMPILER_APPICON_NAME = AppIcon;
				ASSETCATALOG_COMPILER_GLOBAL_ACCENT_COLOR_NAME = AccentColor;
				CODE_SIGN_STYLE = Automatic;
				CURRENT_PROJECT_VERSION = 1;
				DEVELOPMENT_TEAM = M79928L8PF;
				GENERATE_INFOPLIST_FILE = YES;
				INFOPLIST_FILE = "GoF-Design-Pattern/App/Info.plist";
				INFOPLIST_KEY_UIApplicationSupportsIndirectInputEvents = YES;
				INFOPLIST_KEY_UILaunchStoryboardName = LaunchScreen;
				INFOPLIST_KEY_UIMainStoryboardFile = Main;
				INFOPLIST_KEY_UISupportedInterfaceOrientations_iPad = "UIInterfaceOrientationPortrait UIInterfaceOrientationPortraitUpsideDown UIInterfaceOrientationLandscapeLeft UIInterfaceOrientationLandscapeRight";
				INFOPLIST_KEY_UISupportedInterfaceOrientations_iPhone = "UIInterfaceOrientationPortrait UIInterfaceOrientationLandscapeLeft UIInterfaceOrientationLandscapeRight";
				LD_RUNPATH_SEARCH_PATHS = (
					"$(inherited)",
					"@executable_path/Frameworks",
				);
				MARKETING_VERSION = 1.0;
				PRODUCT_BUNDLE_IDENTIFIER = "oguuk.GoF-Design-Pattern";
				PRODUCT_NAME = "$(TARGET_NAME)";
				SWIFT_EMIT_LOC_STRINGS = YES;
				SWIFT_VERSION = 5.0;
				TARGETED_DEVICE_FAMILY = "1,2";
			};
			name = Debug;
		};
		96E5898329B5A05800131FCE /* Release */ = {
			isa = XCBuildConfiguration;
			buildSettings = {
				ASSETCATALOG_COMPILER_APPICON_NAME = AppIcon;
				ASSETCATALOG_COMPILER_GLOBAL_ACCENT_COLOR_NAME = AccentColor;
				CODE_SIGN_STYLE = Automatic;
				CURRENT_PROJECT_VERSION = 1;
				DEVELOPMENT_TEAM = M79928L8PF;
				GENERATE_INFOPLIST_FILE = YES;
				INFOPLIST_FILE = "GoF-Design-Pattern/App/Info.plist";
				INFOPLIST_KEY_UIApplicationSupportsIndirectInputEvents = YES;
				INFOPLIST_KEY_UILaunchStoryboardName = LaunchScreen;
				INFOPLIST_KEY_UIMainStoryboardFile = Main;
				INFOPLIST_KEY_UISupportedInterfaceOrientations_iPad = "UIInterfaceOrientationPortrait UIInterfaceOrientationPortraitUpsideDown UIInterfaceOrientationLandscapeLeft UIInterfaceOrientationLandscapeRight";
				INFOPLIST_KEY_UISupportedInterfaceOrientations_iPhone = "UIInterfaceOrientationPortrait UIInterfaceOrientationLandscapeLeft UIInterfaceOrientationLandscapeRight";
				LD_RUNPATH_SEARCH_PATHS = (
					"$(inherited)",
					"@executable_path/Frameworks",
				);
				MARKETING_VERSION = 1.0;
				PRODUCT_BUNDLE_IDENTIFIER = "oguuk.GoF-Design-Pattern";
				PRODUCT_NAME = "$(TARGET_NAME)";
				SWIFT_EMIT_LOC_STRINGS = YES;
				SWIFT_VERSION = 5.0;
				TARGETED_DEVICE_FAMILY = "1,2";
			};
			name = Release;
		};
/* End XCBuildConfiguration section */

/* Begin XCConfigurationList section */
		96E5896829B5A05600131FCE /* Build configuration list for PBXProject "GoF-Design-Pattern" */ = {
			isa = XCConfigurationList;
			buildConfigurations = (
				96E5897F29B5A05800131FCE /* Debug */,
				96E5898029B5A05800131FCE /* Release */,
			);
			defaultConfigurationIsVisible = 0;
			defaultConfigurationName = Release;
		};
		96E5898129B5A05800131FCE /* Build configuration list for PBXNativeTarget "GoF-Design-Pattern" */ = {
			isa = XCConfigurationList;
			buildConfigurations = (
				96E5898229B5A05800131FCE /* Debug */,
				96E5898329B5A05800131FCE /* Release */,
			);
			defaultConfigurationIsVisible = 0;
			defaultConfigurationName = Release;
		};
/* End XCConfigurationList section */
	};
	rootObject = 96E5896529B5A05600131FCE /* Project object */;
}
